# This file is autogenerated, do not edit; changes may be undone by the next 'dep ensure'.


[[projects]]
  name = "github.com/docopt/docopt-go"
  packages = ["."]
  revision = "784ddc588536785e7299f7272f39101f7faccc3f"
  version = "0.6.2"

[[projects]]
  name = "github.com/go-redis/redis"
  packages = [".","internal","internal/consistenthash","internal/hashtag","internal/pool","internal/proto"]
  revision = "73b70592cdaa9e6abdfcfbf97b4a90d80728c836"
  version = "v6.8.0"

[[projects]]
  name = "github.com/influxdata/influxdb"
  packages = ["client/v2","models","pkg/escape"]
  revision = "6d2685d1738277a1c2672fc58df7994627769be6"
  version = "v1.4.2"

[[projects]]
  name = "github.com/satori/go.uuid"
  packages = ["."]
  revision = "879c5887cd475cd7864858769793b2ceb0d44feb"
  version = "v1.1.0"

[solve-meta]
  analyzer-name = "dep"
  analyzer-version = 1
  inputs-digest = "f9c3fb59ebe3969b3b426d69a5efbd273020529d6315f2517f2186f35f8d9be0"
  solver-name = "gps-cdcl"
  solver-version = 1
